
Microsoft Visual Studio Solution File, Format Version 11.00
# Visual Studio 2010
Project("{FAE04EC0-301F-11D3-BF4B-00C04F79EFBC}") = "Benchmarks", "Benchmarks.csproj", "{b6ce87c6-d606-93b9-b8b1-3b520c8d6bae}"
EndProject
Global
	GlobalSection(SolutionConfigurationPlatforms) = preSolution
		Debug|Any CPU = Debug|Any CPU
	EndGlobalSection
	GlobalSection(ProjectConfigurationPlatforms) = postSolution
		{b6ce87c6-d606-93b9-b8b1-3b520c8d6bae}.Debug|Any CPU.ActiveCfg = Debug|Any CPU
		{b6ce87c6-d606-93b9-b8b1-3b520c8d6bae}.Debug|Any CPU.Build.0 = Debug|Any CPU
	EndGlobalSection
	GlobalSection(SolutionProperties) = preSolution
		HideSolutionNode = FALSE
	EndGlobalSection
EndGlobal
